<?xml version="1.0" encoding="utf-8"?>
<Project ToolsVersion="18.0" xmlns="http://schemas.microsoft.com/developer/msbuild/2003">
  <ItemGroup>
    <CustomBuild Include="C:\Users\Edpo\Documents\GitHub\sharpemu\Patches\_native_build\V74_0_67_2_13_1_dlss\CMakeFiles\c8ca1034a983d427dee0c9689b8339c8\generate.stamp.rule">
      <Filter>CMake Rules</Filter>
    </CustomBuild>
  </ItemGroup>
  <ItemGroup>
    <Filter Include="CMake Rules">
      <UniqueIdentifier>{02871B09-5A35-3867-8E7D-1DAAF39064E3}</UniqueIdentifier>
    </Filter>
  </ItemGroup>
</Project>
